{
  "name": "@web3-solid/types",
  "version": "1.2.0",
  "lockfileVersion": 2,
  "requires": true,
  "packages": {
    "": {
      "name": "@web3-solid/types",
      "version": "1.0.3",
      "license": "GPL-3.0-or-later",
      "dependencies": {
        "solid-zustand": "^1.2.0",
        "zustand": "^4.0.0-beta.0"
      },
      "devDependencies": {
        "typescript": "^4.5.5"
      }
    },
    "node_modules/solid-zustand": {
      "version": "1.2.0",
      "resolved": "https://registry.npmjs.org/solid-zustand/-/solid-zustand-1.2.0.tgz",
      "integrity": "sha512-jvGAQqrAEKgIiayBDFPJ1mVo8Lpfc6p92Q9mz7+QCfBCwjlT536u3YAGaoORknEZWH3k9kXo/V1QBAFIaCTumw==",
      "peerDependencies": {
        "zustand": "^3.6.0"
      }
    },
    "node_modules/typescript": {
      "version": "4.5.5",
      "resolved": "https://registry.npmjs.org/typescript/-/typescript-4.5.5.tgz",
      "integrity": "sha512-TCTIul70LyWe6IJWT8QSYeA54WQe8EjQFU4wY52Fasj5UKx88LNYKCgBEHcOMOrFF1rKGbD8v/xcNWVUq9SymA==",
      "dev": true,
      "license": "Apache-2.0",
      "bin": {
        "tsc": "bin/tsc",
        "tsserver": "bin/tsserver"
      },
      "engines": {
        "node": ">=4.2.0"
      }
    },
    "node_modules/use-sync-external-store": {
      "version": "1.0.0-beta-96ca8d915-20211115",
      "resolved": "https://registry.npmjs.org/use-sync-external-store/-/use-sync-external-store-1.0.0-beta-96ca8d915-20211115.tgz",
      "integrity": "sha512-Xkzd7SoZv29jYc95GO0k1v69oSHUdC+4nNaBQ309zvFFyvzYn+I87ee+OD1RKF8SGRwkEJQxjyFzYRcncdpSSg==",
      "license": "MIT",
      "peerDependencies": {
        "react": "18.0.0-beta-96ca8d915-20211115"
      }
    },
    "node_modules/zustand": {
      "version": "4.0.0-beta.0",
      "resolved": "https://registry.npmjs.org/zustand/-/zustand-4.0.0-beta.0.tgz",
      "integrity": "sha512-m7POAHkAeTEQqUdGC9M62/KXSsX6YQu6Gd4CiGZ6FOOTaUp1a0Hm9D8/fnBiMv8rGg0dfZu19JFSbRT9b+qQwA==",
      "license": "MIT",
      "dependencies": {
        "use-sync-external-store": "1.0.0-beta-96ca8d915-20211115"
      },
      "engines": {
        "node": ">=12.7.0"
      },
      "peerDependencies": {
        "react": ">=16.8"
      },
      "peerDependenciesMeta": {
        "react": {
          "optional": true
        }
      }
    }
  },
  "dependencies": {
    "solid-zustand": {
      "version": "1.2.0",
      "resolved": "https://registry.npmjs.org/solid-zustand/-/solid-zustand-1.2.0.tgz",
      "integrity": "sha512-jvGAQqrAEKgIiayBDFPJ1mVo8Lpfc6p92Q9mz7+QCfBCwjlT536u3YAGaoORknEZWH3k9kXo/V1QBAFIaCTumw==",
      "requires": {}
    },
    "typescript": {
      "version": "4.5.5",
      "resolved": "https://registry.npmjs.org/typescript/-/typescript-4.5.5.tgz",
      "integrity": "sha512-TCTIul70LyWe6IJWT8QSYeA54WQe8EjQFU4wY52Fasj5UKx88LNYKCgBEHcOMOrFF1rKGbD8v/xcNWVUq9SymA==",
      "dev": true
    },
    "use-sync-external-store": {
      "version": "1.0.0-beta-96ca8d915-20211115",
      "resolved": "https://registry.npmjs.org/use-sync-external-store/-/use-sync-external-store-1.0.0-beta-96ca8d915-20211115.tgz",
      "integrity": "sha512-Xkzd7SoZv29jYc95GO0k1v69oSHUdC+4nNaBQ309zvFFyvzYn+I87ee+OD1RKF8SGRwkEJQxjyFzYRcncdpSSg==",
      "requires": {}
    },
    "zustand": {
      "version": "4.0.0-beta.0",
      "resolved": "https://registry.npmjs.org/zustand/-/zustand-4.0.0-beta.0.tgz",
      "integrity": "sha512-m7POAHkAeTEQqUdGC9M62/KXSsX6YQu6Gd4CiGZ6FOOTaUp1a0Hm9D8/fnBiMv8rGg0dfZu19JFSbRT9b+qQwA==",
      "requires": {
        "use-sync-external-store": "1.0.0-beta-96ca8d915-20211115"
      }
    }
  }
}
