# THIS IS AN AUTOGENERATED FILE. DO NOT EDIT THIS FILE DIRECTLY.
# yarn lockfile v1


solid-js@^1.3.7:
  version "1.3.7"
  resolved "https://registry.yarnpkg.com/solid-js/-/solid-js-1.3.7.tgz#4d9568544143ddee2fc4a18fb69e110571012d83"
  integrity sha512-YAz0NQhIZ8yCR2VZK8aMjNrWMU4gnmCgzqy7EpMF7WsyWV3PSoO3HvDs3kR75Ejk/a4ohfxQNiLhC9TOQltXSA==

solid-zustand@^1.2.0:
  version "1.2.0"
  resolved "https://registry.yarnpkg.com/solid-zustand/-/solid-zustand-1.2.0.tgz#3283ba1ed0d87bd1888919495a7b845ee1f4fb28"
  integrity sha512-jvGAQqrAEKgIiayBDFPJ1mVo8Lpfc6p92Q9mz7+QCfBCwjlT536u3YAGaoORknEZWH3k9kXo/V1QBAFIaCTumw==

typescript@^4.5.5:
  version "4.5.5"
  resolved "https://registry.npmjs.org/typescript/-/typescript-4.5.5.tgz"
  integrity sha512-TCTIul70LyWe6IJWT8QSYeA54WQe8EjQFU4wY52Fasj5UKx88LNYKCgBEHcOMOrFF1rKGbD8v/xcNWVUq9SymA==

zustand@3.6.0:
  version "3.6.0"
  resolved "https://registry.yarnpkg.com/zustand/-/zustand-3.6.0.tgz#7f89b72eed66e717b1e012781273085bce90728d"
  integrity sha512-kCzsXL0GaJrG/EluZJJEaUQrf0pAlAD4qcTp8DU96pdF03RAGcGzVGorpIvh4cyKYbxn3wJbR6Hac4j3SsAS1g==
