# THIS IS AN AUTOGENERATED FILE. DO NOT EDIT THIS FILE DIRECTLY.
# yarn lockfile v1


typescript@^4.5.5:
  version "4.5.5"
  resolved "https://registry.npmjs.org/typescript/-/typescript-4.5.5.tgz"
  integrity sha512-TCTIul70LyWe6IJWT8QSYeA54WQe8EjQFU4wY52Fasj5UKx88LNYKCgBEHcOMOrFF1rKGbD8v/xcNWVUq9SymA==

use-sync-external-store@1.0.0-beta-96ca8d915-20211115:
  version "1.0.0-beta-96ca8d915-20211115"
  resolved "https://registry.npmjs.org/use-sync-external-store/-/use-sync-external-store-1.0.0-beta-96ca8d915-20211115.tgz"
  integrity sha512-Xkzd7SoZv29jYc95GO0k1v69oSHUdC+4nNaBQ309zvFFyvzYn+I87ee+OD1RKF8SGRwkEJQxjyFzYRcncdpSSg==

zustand@^4.0.0-beta.0:
  version "4.0.0-beta.0"
  resolved "https://registry.npmjs.org/zustand/-/zustand-4.0.0-beta.0.tgz"
  integrity sha512-m7POAHkAeTEQqUdGC9M62/KXSsX6YQu6Gd4CiGZ6FOOTaUp1a0Hm9D8/fnBiMv8rGg0dfZu19JFSbRT9b+qQwA==
  dependencies:
    use-sync-external-store "1.0.0-beta-96ca8d915-20211115"
