{
  "name": "@web3-solid/store",
  "version": "1.3.0",
  "lockfileVersion": 2,
  "requires": true,
  "packages": {
    "": {
      "name": "@web3-solid/store",
      "version": "1.1.0",
      "license": "GPL-3.0-or-later",
      "dependencies": {
        "@ethersproject/address": "^5.4.0",
        "@web3-solid/types": "^1.0.4",
        "solid-zustand": "^1.2.0",
        "zustand": "^3.6.0"
      },
      "devDependencies": {
        "typescript": "^4.5.5"
      }
    },
    "../types": {
      "name": "@web3-solid/types",
      "version": "1.0.4",
      "license": "GPL-3.0-or-later",
      "dependencies": {
        "zustand": "^4.0.0-beta.0"
      },
      "devDependencies": {
        "typescript": "^4.5.5"
      }
    },
    "../types/node_modules/typescript": {
      "version": "4.5.5",
      "resolved": "https://registry.npmjs.org/typescript/-/typescript-4.5.5.tgz",
      "integrity": "sha512-TCTIul70LyWe6IJWT8QSYeA54WQe8EjQFU4wY52Fasj5UKx88LNYKCgBEHcOMOrFF1rKGbD8v/xcNWVUq9SymA==",
      "dev": true,
      "license": "Apache-2.0",
      "bin": {
        "tsc": "bin/tsc",
        "tsserver": "bin/tsserver"
      },
      "engines": {
        "node": ">=4.2.0"
      }
    },
    "../types/node_modules/use-sync-external-store": {
      "version": "1.0.0-beta-96ca8d915-20211115",
      "resolved": "https://registry.npmjs.org/use-sync-external-store/-/use-sync-external-store-1.0.0-beta-96ca8d915-20211115.tgz",
      "integrity": "sha512-Xkzd7SoZv29jYc95GO0k1v69oSHUdC+4nNaBQ309zvFFyvzYn+I87ee+OD1RKF8SGRwkEJQxjyFzYRcncdpSSg==",
      "license": "MIT",
      "peerDependencies": {
        "react": "18.0.0-beta-96ca8d915-20211115"
      }
    },
    "../types/node_modules/zustand": {
      "version": "4.0.0-beta.0",
      "resolved": "https://registry.npmjs.org/zustand/-/zustand-4.0.0-beta.0.tgz",
      "integrity": "sha512-m7POAHkAeTEQqUdGC9M62/KXSsX6YQu6Gd4CiGZ6FOOTaUp1a0Hm9D8/fnBiMv8rGg0dfZu19JFSbRT9b+qQwA==",
      "license": "MIT",
      "dependencies": {
        "use-sync-external-store": "1.0.0-beta-96ca8d915-20211115"
      },
      "engines": {
        "node": ">=12.7.0"
      },
      "peerDependencies": {
        "react": ">=16.8"
      },
      "peerDependenciesMeta": {
        "react": {
          "optional": true
        }
      }
    },
    "node_modules/@ethersproject/address": {
      "version": "5.5.0",
      "resolved": "https://registry.npmjs.org/@ethersproject/address/-/address-5.5.0.tgz",
      "integrity": "sha512-l4Nj0eWlTUh6ro5IbPTgbpT4wRbdH5l8CQf7icF7sb/SI3Nhd9Y9HzhonTSTi6CefI0necIw7LJqQPopPLZyWw==",
      "funding": [
        {
          "type": "individual",
          "url": "https://gitcoin.co/grants/13/ethersjs-complete-simple-and-tiny-2"
        },
        {
          "type": "individual",
          "url": "https://www.buymeacoffee.com/ricmoo"
        }
      ],
      "license": "MIT",
      "dependencies": {
        "@ethersproject/bignumber": "^5.5.0",
        "@ethersproject/bytes": "^5.5.0",
        "@ethersproject/keccak256": "^5.5.0",
        "@ethersproject/logger": "^5.5.0",
        "@ethersproject/rlp": "^5.5.0"
      }
    },
    "node_modules/@ethersproject/bignumber": {
      "version": "5.5.0",
      "resolved": "https://registry.npmjs.org/@ethersproject/bignumber/-/bignumber-5.5.0.tgz",
      "integrity": "sha512-6Xytlwvy6Rn3U3gKEc1vP7nR92frHkv6wtVr95LFR3jREXiCPzdWxKQ1cx4JGQBXxcguAwjA8murlYN2TSiEbg==",
      "funding": [
        {
          "type": "individual",
          "url": "https://gitcoin.co/grants/13/ethersjs-complete-simple-and-tiny-2"
        },
        {
          "type": "individual",
          "url": "https://www.buymeacoffee.com/ricmoo"
        }
      ],
      "license": "MIT",
      "dependencies": {
        "@ethersproject/bytes": "^5.5.0",
        "@ethersproject/logger": "^5.5.0",
        "bn.js": "^4.11.9"
      }
    },
    "node_modules/@ethersproject/bytes": {
      "version": "5.5.0",
      "resolved": "https://registry.npmjs.org/@ethersproject/bytes/-/bytes-5.5.0.tgz",
      "integrity": "sha512-ABvc7BHWhZU9PNM/tANm/Qx4ostPGadAuQzWTr3doklZOhDlmcBqclrQe/ZXUIj3K8wC28oYeuRa+A37tX9kog==",
      "funding": [
        {
          "type": "individual",
          "url": "https://gitcoin.co/grants/13/ethersjs-complete-simple-and-tiny-2"
        },
        {
          "type": "individual",
          "url": "https://www.buymeacoffee.com/ricmoo"
        }
      ],
      "license": "MIT",
      "dependencies": {
        "@ethersproject/logger": "^5.5.0"
      }
    },
    "node_modules/@ethersproject/keccak256": {
      "version": "5.5.0",
      "resolved": "https://registry.npmjs.org/@ethersproject/keccak256/-/keccak256-5.5.0.tgz",
      "integrity": "sha512-5VoFCTjo2rYbBe1l2f4mccaRFN/4VQEYFwwn04aJV2h7qf4ZvI2wFxUE1XOX+snbwCLRzIeikOqtAoPwMza9kg==",
      "funding": [
        {
          "type": "individual",
          "url": "https://gitcoin.co/grants/13/ethersjs-complete-simple-and-tiny-2"
        },
        {
          "type": "individual",
          "url": "https://www.buymeacoffee.com/ricmoo"
        }
      ],
      "license": "MIT",
      "dependencies": {
        "@ethersproject/bytes": "^5.5.0",
        "js-sha3": "0.8.0"
      }
    },
    "node_modules/@ethersproject/logger": {
      "version": "5.5.0",
      "resolved": "https://registry.npmjs.org/@ethersproject/logger/-/logger-5.5.0.tgz",
      "integrity": "sha512-rIY/6WPm7T8n3qS2vuHTUBPdXHl+rGxWxW5okDfo9J4Z0+gRRZT0msvUdIJkE4/HS29GUMziwGaaKO2bWONBrg==",
      "funding": [
        {
          "type": "individual",
          "url": "https://gitcoin.co/grants/13/ethersjs-complete-simple-and-tiny-2"
        },
        {
          "type": "individual",
          "url": "https://www.buymeacoffee.com/ricmoo"
        }
      ],
      "license": "MIT"
    },
    "node_modules/@ethersproject/rlp": {
      "version": "5.5.0",
      "resolved": "https://registry.npmjs.org/@ethersproject/rlp/-/rlp-5.5.0.tgz",
      "integrity": "sha512-hLv8XaQ8PTI9g2RHoQGf/WSxBfTB/NudRacbzdxmst5VHAqd1sMibWG7SENzT5Dj3yZ3kJYx+WiRYEcQTAkcYA==",
      "funding": [
        {
          "type": "individual",
          "url": "https://gitcoin.co/grants/13/ethersjs-complete-simple-and-tiny-2"
        },
        {
          "type": "individual",
          "url": "https://www.buymeacoffee.com/ricmoo"
        }
      ],
      "license": "MIT",
      "dependencies": {
        "@ethersproject/bytes": "^5.5.0",
        "@ethersproject/logger": "^5.5.0"
      }
    },
    "node_modules/@web3-solid/types": {
      "resolved": "../types",
      "link": true
    },
    "node_modules/bn.js": {
      "version": "4.12.0",
      "resolved": "https://registry.npmjs.org/bn.js/-/bn.js-4.12.0.tgz",
      "integrity": "sha512-c98Bf3tPniI+scsdk237ku1Dc3ujXQTSgyiPUDEOe7tRkhrqridvh8klBv0HCEso1OLOYcHuCv/cS6DNxKH+ZA==",
      "license": "MIT"
    },
    "node_modules/js-sha3": {
      "version": "0.8.0",
      "resolved": "https://registry.npmjs.org/js-sha3/-/js-sha3-0.8.0.tgz",
      "integrity": "sha512-gF1cRrHhIzNfToc802P800N8PpXS+evLLXfsVpowqmAFR9uwbi89WvXg2QspOmXL8QL86J4T1EpFu+yUkwJY3Q==",
      "license": "MIT"
    },
    "node_modules/solid-zustand": {
      "version": "1.2.0",
      "resolved": "https://registry.npmjs.org/solid-zustand/-/solid-zustand-1.2.0.tgz",
      "integrity": "sha512-jvGAQqrAEKgIiayBDFPJ1mVo8Lpfc6p92Q9mz7+QCfBCwjlT536u3YAGaoORknEZWH3k9kXo/V1QBAFIaCTumw==",
      "peerDependencies": {
        "zustand": "^3.6.0"
      }
    },
    "node_modules/typescript": {
      "version": "4.5.5",
      "resolved": "https://registry.npmjs.org/typescript/-/typescript-4.5.5.tgz",
      "integrity": "sha512-TCTIul70LyWe6IJWT8QSYeA54WQe8EjQFU4wY52Fasj5UKx88LNYKCgBEHcOMOrFF1rKGbD8v/xcNWVUq9SymA==",
      "dev": true,
      "license": "Apache-2.0",
      "bin": {
        "tsc": "bin/tsc",
        "tsserver": "bin/tsserver"
      },
      "engines": {
        "node": ">=4.2.0"
      }
    },
    "node_modules/zustand": {
      "version": "3.6.0",
      "resolved": "https://registry.npmjs.org/zustand/-/zustand-3.6.0.tgz",
      "integrity": "sha512-kCzsXL0GaJrG/EluZJJEaUQrf0pAlAD4qcTp8DU96pdF03RAGcGzVGorpIvh4cyKYbxn3wJbR6Hac4j3SsAS1g==",
      "engines": {
        "node": ">=12.7.0"
      },
      "peerDependencies": {
        "react": ">=16.8"
      },
      "peerDependenciesMeta": {
        "react": {
          "optional": true
        }
      }
    }
  },
  "dependencies": {
    "@ethersproject/address": {
      "version": "5.5.0",
      "resolved": "https://registry.npmjs.org/@ethersproject/address/-/address-5.5.0.tgz",
      "integrity": "sha512-l4Nj0eWlTUh6ro5IbPTgbpT4wRbdH5l8CQf7icF7sb/SI3Nhd9Y9HzhonTSTi6CefI0necIw7LJqQPopPLZyWw==",
      "requires": {
        "@ethersproject/bignumber": "^5.5.0",
        "@ethersproject/bytes": "^5.5.0",
        "@ethersproject/keccak256": "^5.5.0",
        "@ethersproject/logger": "^5.5.0",
        "@ethersproject/rlp": "^5.5.0"
      }
    },
    "@ethersproject/bignumber": {
      "version": "5.5.0",
      "resolved": "https://registry.npmjs.org/@ethersproject/bignumber/-/bignumber-5.5.0.tgz",
      "integrity": "sha512-6Xytlwvy6Rn3U3gKEc1vP7nR92frHkv6wtVr95LFR3jREXiCPzdWxKQ1cx4JGQBXxcguAwjA8murlYN2TSiEbg==",
      "requires": {
        "@ethersproject/bytes": "^5.5.0",
        "@ethersproject/logger": "^5.5.0",
        "bn.js": "^4.11.9"
      }
    },
    "@ethersproject/bytes": {
      "version": "5.5.0",
      "resolved": "https://registry.npmjs.org/@ethersproject/bytes/-/bytes-5.5.0.tgz",
      "integrity": "sha512-ABvc7BHWhZU9PNM/tANm/Qx4ostPGadAuQzWTr3doklZOhDlmcBqclrQe/ZXUIj3K8wC28oYeuRa+A37tX9kog==",
      "requires": {
        "@ethersproject/logger": "^5.5.0"
      }
    },
    "@ethersproject/keccak256": {
      "version": "5.5.0",
      "resolved": "https://registry.npmjs.org/@ethersproject/keccak256/-/keccak256-5.5.0.tgz",
      "integrity": "sha512-5VoFCTjo2rYbBe1l2f4mccaRFN/4VQEYFwwn04aJV2h7qf4ZvI2wFxUE1XOX+snbwCLRzIeikOqtAoPwMza9kg==",
      "requires": {
        "@ethersproject/bytes": "^5.5.0",
        "js-sha3": "0.8.0"
      }
    },
    "@ethersproject/logger": {
      "version": "5.5.0",
      "resolved": "https://registry.npmjs.org/@ethersproject/logger/-/logger-5.5.0.tgz",
      "integrity": "sha512-rIY/6WPm7T8n3qS2vuHTUBPdXHl+rGxWxW5okDfo9J4Z0+gRRZT0msvUdIJkE4/HS29GUMziwGaaKO2bWONBrg=="
    },
    "@ethersproject/rlp": {
      "version": "5.5.0",
      "resolved": "https://registry.npmjs.org/@ethersproject/rlp/-/rlp-5.5.0.tgz",
      "integrity": "sha512-hLv8XaQ8PTI9g2RHoQGf/WSxBfTB/NudRacbzdxmst5VHAqd1sMibWG7SENzT5Dj3yZ3kJYx+WiRYEcQTAkcYA==",
      "requires": {
        "@ethersproject/bytes": "^5.5.0",
        "@ethersproject/logger": "^5.5.0"
      }
    },
    "@web3-solid/types": {
      "version": "file:../types",
      "requires": {
        "typescript": "^4.5.5",
        "zustand": "^4.0.0-beta.0"
      },
      "dependencies": {
        "typescript": {
          "version": "4.5.5",
          "resolved": "https://registry.npmjs.org/typescript/-/typescript-4.5.5.tgz",
          "integrity": "sha512-TCTIul70LyWe6IJWT8QSYeA54WQe8EjQFU4wY52Fasj5UKx88LNYKCgBEHcOMOrFF1rKGbD8v/xcNWVUq9SymA==",
          "dev": true
        },
        "use-sync-external-store": {
          "version": "1.0.0-beta-96ca8d915-20211115",
          "resolved": "https://registry.npmjs.org/use-sync-external-store/-/use-sync-external-store-1.0.0-beta-96ca8d915-20211115.tgz",
          "integrity": "sha512-Xkzd7SoZv29jYc95GO0k1v69oSHUdC+4nNaBQ309zvFFyvzYn+I87ee+OD1RKF8SGRwkEJQxjyFzYRcncdpSSg==",
          "requires": {}
        },
        "zustand": {
          "version": "4.0.0-beta.0",
          "resolved": "https://registry.npmjs.org/zustand/-/zustand-4.0.0-beta.0.tgz",
          "integrity": "sha512-m7POAHkAeTEQqUdGC9M62/KXSsX6YQu6Gd4CiGZ6FOOTaUp1a0Hm9D8/fnBiMv8rGg0dfZu19JFSbRT9b+qQwA==",
          "requires": {
            "use-sync-external-store": "1.0.0-beta-96ca8d915-20211115"
          }
        }
      }
    },
    "bn.js": {
      "version": "4.12.0",
      "resolved": "https://registry.npmjs.org/bn.js/-/bn.js-4.12.0.tgz",
      "integrity": "sha512-c98Bf3tPniI+scsdk237ku1Dc3ujXQTSgyiPUDEOe7tRkhrqridvh8klBv0HCEso1OLOYcHuCv/cS6DNxKH+ZA=="
    },
    "js-sha3": {
      "version": "0.8.0",
      "resolved": "https://registry.npmjs.org/js-sha3/-/js-sha3-0.8.0.tgz",
      "integrity": "sha512-gF1cRrHhIzNfToc802P800N8PpXS+evLLXfsVpowqmAFR9uwbi89WvXg2QspOmXL8QL86J4T1EpFu+yUkwJY3Q=="
    },
    "solid-zustand": {
      "version": "1.2.0",
      "resolved": "https://registry.npmjs.org/solid-zustand/-/solid-zustand-1.2.0.tgz",
      "integrity": "sha512-jvGAQqrAEKgIiayBDFPJ1mVo8Lpfc6p92Q9mz7+QCfBCwjlT536u3YAGaoORknEZWH3k9kXo/V1QBAFIaCTumw==",
      "requires": {}
    },
    "typescript": {
      "version": "4.5.5",
      "resolved": "https://registry.npmjs.org/typescript/-/typescript-4.5.5.tgz",
      "integrity": "sha512-TCTIul70LyWe6IJWT8QSYeA54WQe8EjQFU4wY52Fasj5UKx88LNYKCgBEHcOMOrFF1rKGbD8v/xcNWVUq9SymA==",
      "dev": true
    },
    "zustand": {
      "version": "3.6.0",
      "resolved": "https://registry.npmjs.org/zustand/-/zustand-3.6.0.tgz",
      "integrity": "sha512-kCzsXL0GaJrG/EluZJJEaUQrf0pAlAD4qcTp8DU96pdF03RAGcGzVGorpIvh4cyKYbxn3wJbR6Hac4j3SsAS1g==",
      "requires": {}
    }
  }
}
