# THIS IS AN AUTOGENERATED FILE. DO NOT EDIT THIS FILE DIRECTLY.
# yarn lockfile v1


"@ethersproject/address@^5.4.0":
  version "5.5.0"
  resolved "https://registry.npmjs.org/@ethersproject/address/-/address-5.5.0.tgz"
  integrity sha512-l4Nj0eWlTUh6ro5IbPTgbpT4wRbdH5l8CQf7icF7sb/SI3Nhd9Y9HzhonTSTi6CefI0necIw7LJqQPopPLZyWw==
  dependencies:
    "@ethersproject/bignumber" "^5.5.0"
    "@ethersproject/bytes" "^5.5.0"
    "@ethersproject/keccak256" "^5.5.0"
    "@ethersproject/logger" "^5.5.0"
    "@ethersproject/rlp" "^5.5.0"

"@ethersproject/bignumber@^5.5.0":
  version "5.5.0"
  resolved "https://registry.npmjs.org/@ethersproject/bignumber/-/bignumber-5.5.0.tgz"
  integrity sha512-6Xytlwvy6Rn3U3gKEc1vP7nR92frHkv6wtVr95LFR3jREXiCPzdWxKQ1cx4JGQBXxcguAwjA8murlYN2TSiEbg==
  dependencies:
    "@ethersproject/bytes" "^5.5.0"
    "@ethersproject/logger" "^5.5.0"
    bn.js "^4.11.9"

"@ethersproject/bytes@^5.5.0":
  version "5.5.0"
  resolved "https://registry.npmjs.org/@ethersproject/bytes/-/bytes-5.5.0.tgz"
  integrity sha512-ABvc7BHWhZU9PNM/tANm/Qx4ostPGadAuQzWTr3doklZOhDlmcBqclrQe/ZXUIj3K8wC28oYeuRa+A37tX9kog==
  dependencies:
    "@ethersproject/logger" "^5.5.0"

"@ethersproject/keccak256@^5.5.0":
  version "5.5.0"
  resolved "https://registry.npmjs.org/@ethersproject/keccak256/-/keccak256-5.5.0.tgz"
  integrity sha512-5VoFCTjo2rYbBe1l2f4mccaRFN/4VQEYFwwn04aJV2h7qf4ZvI2wFxUE1XOX+snbwCLRzIeikOqtAoPwMza9kg==
  dependencies:
    "@ethersproject/bytes" "^5.5.0"
    js-sha3 "0.8.0"

"@ethersproject/logger@^5.5.0":
  version "5.5.0"
  resolved "https://registry.npmjs.org/@ethersproject/logger/-/logger-5.5.0.tgz"
  integrity sha512-rIY/6WPm7T8n3qS2vuHTUBPdXHl+rGxWxW5okDfo9J4Z0+gRRZT0msvUdIJkE4/HS29GUMziwGaaKO2bWONBrg==

"@ethersproject/rlp@^5.5.0":
  version "5.5.0"
  resolved "https://registry.npmjs.org/@ethersproject/rlp/-/rlp-5.5.0.tgz"
  integrity sha512-hLv8XaQ8PTI9g2RHoQGf/WSxBfTB/NudRacbzdxmst5VHAqd1sMibWG7SENzT5Dj3yZ3kJYx+WiRYEcQTAkcYA==
  dependencies:
    "@ethersproject/bytes" "^5.5.0"
    "@ethersproject/logger" "^5.5.0"

bn.js@^4.11.9:
  version "4.12.0"
  resolved "https://registry.npmjs.org/bn.js/-/bn.js-4.12.0.tgz"
  integrity sha512-c98Bf3tPniI+scsdk237ku1Dc3ujXQTSgyiPUDEOe7tRkhrqridvh8klBv0HCEso1OLOYcHuCv/cS6DNxKH+ZA==

js-sha3@0.8.0:
  version "0.8.0"
  resolved "https://registry.npmjs.org/js-sha3/-/js-sha3-0.8.0.tgz"
  integrity sha512-gF1cRrHhIzNfToc802P800N8PpXS+evLLXfsVpowqmAFR9uwbi89WvXg2QspOmXL8QL86J4T1EpFu+yUkwJY3Q==

solid-js@^1.3.7:
  version "1.3.7"
  resolved "https://registry.yarnpkg.com/solid-js/-/solid-js-1.3.7.tgz#4d9568544143ddee2fc4a18fb69e110571012d83"
  integrity sha512-YAz0NQhIZ8yCR2VZK8aMjNrWMU4gnmCgzqy7EpMF7WsyWV3PSoO3HvDs3kR75Ejk/a4ohfxQNiLhC9TOQltXSA==

solid-zustand@^1.2.0:
  version "1.2.0"
  resolved "https://registry.npmjs.org/solid-zustand/-/solid-zustand-1.2.0.tgz"
  integrity sha512-jvGAQqrAEKgIiayBDFPJ1mVo8Lpfc6p92Q9mz7+QCfBCwjlT536u3YAGaoORknEZWH3k9kXo/V1QBAFIaCTumw==

typescript@^4.5.5:
  version "4.5.5"
  resolved "https://registry.npmjs.org/typescript/-/typescript-4.5.5.tgz"
  integrity sha512-TCTIul70LyWe6IJWT8QSYeA54WQe8EjQFU4wY52Fasj5UKx88LNYKCgBEHcOMOrFF1rKGbD8v/xcNWVUq9SymA==

zustand@^3.6.0:
  version "3.6.0"
  resolved "https://registry.npmjs.org/zustand/-/zustand-3.6.0.tgz"
  integrity sha512-kCzsXL0GaJrG/EluZJJEaUQrf0pAlAD4qcTp8DU96pdF03RAGcGzVGorpIvh4cyKYbxn3wJbR6Hac4j3SsAS1g==
